<?xml version="1.0" encoding="utf-8"?>
<Project ToolsVersion="15.0" xmlns="http://schemas.microsoft.com/developer/msbuild/2003">
  <ItemGroup>
    <CustomBuild Include="C:\Users\bogbon\Desktop\Projects\New folder\NxEngine\CMakeFiles\abc03d09f402a098c1a32d0d36d34fed\INSTALL_force.rule">
      <Filter>CMake Rules</Filter>
    </CustomBuild>
  </ItemGroup>
  <ItemGroup>
    <Filter Include="CMake Rules">
      <UniqueIdentifier>{3EB9CBC2-4F2C-3FAF-B9F3-5E8EA19A8AB7}</UniqueIdentifier>
    </Filter>
  </ItemGroup>
</Project>
